
Microsoft Visual Studio Solution File, Format Version 12.00
# Visual Studio Version 17
VisualStudioVersion = 17.7.34031.279
MinimumVisualStudioVersion = 10.0.40219.1
Project("{FAE04EC0-301F-11D3-BF4B-00C04F79EFBC}") = "Tamrin-Crypto", "Tamrin-Crypto\Tamrin-Crypto.csproj", "{F4F6661F-19E5-424C-A6BB-BB23D0F2F59E}"
EndProject
Global
	GlobalSection(SolutionConfigurationPlatforms) = preSolution
		Debug|Any CPU = Debug|Any CPU
		Release|Any CPU = Release|Any CPU
	EndGlobalSection
	GlobalSection(ProjectConfigurationPlatforms) = postSolution
		{F4F6661F-19E5-424C-A6BB-BB23D0F2F59E}.Debug|Any CPU.ActiveCfg = Debug|Any CPU
		{F4F6661F-19E5-424C-A6BB-BB23D0F2F59E}.Debug|Any CPU.Build.0 = Debug|Any CPU
		{F4F6661F-19E5-424C-A6BB-BB23D0F2F59E}.Release|Any CPU.ActiveCfg = Release|Any CPU
		{F4F6661F-19E5-424C-A6BB-BB23D0F2F59E}.Release|Any CPU.Build.0 = Release|Any CPU
	EndGlobalSection
	GlobalSection(SolutionProperties) = preSolution
		HideSolutionNode = FALSE
	EndGlobalSection
	GlobalSection(ExtensibilityGlobals) = postSolution
		SolutionGuid = {EE49DC40-4DE9-44C6-AE7D-8A4C17B9FC23}
	EndGlobalSection
EndGlobal
